
Microsoft Visual Studio Solution File, Format Version 12.00
# Visual Studio Version 16
VisualStudioVersion = 16.0.32106.194
MinimumVisualStudioVersion = 10.0.40219.1
Project("{FAE04EC0-301F-11D3-BF4B-00C04F79EFBC}") = "Asg2", "Asg2.csproj", "{F3FEA575-C6A3-4389-BA07-358F5639785A}"
EndProject
Global
	GlobalSection(SolutionConfigurationPlatforms) = preSolution
		Debug|Any CPU = Debug|Any CPU
		Release|Any CPU = Release|Any CPU
	EndGlobalSection
	GlobalSection(ProjectConfigurationPlatforms) = postSolution
		{F3FEA575-C6A3-4389-BA07-358F5639785A}.Debug|Any CPU.ActiveCfg = Debug|Any CPU
		{F3FEA575-C6A3-4389-BA07-358F5639785A}.Debug|Any CPU.Build.0 = Debug|Any CPU
		{F3FEA575-C6A3-4389-BA07-358F5639785A}.Release|Any CPU.ActiveCfg = Release|Any CPU
		{F3FEA575-C6A3-4389-BA07-358F5639785A}.Release|Any CPU.Build.0 = Release|Any CPU
	EndGlobalSection
	GlobalSection(SolutionProperties) = preSolution
		HideSolutionNode = FALSE
	EndGlobalSection
	GlobalSection(ExtensibilityGlobals) = postSolution
		SolutionGuid = {92C2F695-D56D-4C88-980C-90AB5CDF7078}
	EndGlobalSection
EndGlobal
